// !$*UTF8*$!
{
	archiveVersion = 1;
	classes = {
	};
	objectVersion = 46;
	objects = {

/* Begin PBXBuildFile section */
		0207DA581B56EA530066E2B4 /* Images.xcassets in Resources */ = {isa = PBXBuildFile; fileRef = 0207DA571B56EA530066E2B4 /* Images.xcassets */; };
		04C4282BE7D04D8BB4C1AFFB /* FirebaseCrash.framework in Frameworks */ = {isa = PBXBuildFile; fileRef = B3B8283796E94B93AF464A9A /* FirebaseCrash.framework */; };
		07EA7CE092C64891BB7BCF6B /* GCDWebServerResponse.m in Sources */ = {isa = PBXBuildFile; fileRef = D1D44E4CDE104B6886302B8F /* GCDWebServerResponse.m */; };
		0833307837F4433192BEB4E5 /* Photos.framework in Frameworks */ = {isa = PBXBuildFile; fileRef = 90047C932B004EF5A90FE23A /* Photos.framework */; };
		11CA99AC7EFB4E67907AB29B /* GoogleService-Info.plist in Resources */ = {isa = PBXBuildFile; fileRef = 0D5467B9EBB843ACA0841713 /* GoogleService-Info.plist */; };
		1577700214414989B2F5B7CD /* AddressBook.framework in Frameworks */ = {isa = PBXBuildFile; fileRef = 10B7F6C3FA9A4A1CAAE2711B /* AddressBook.framework */; };
		1BE06A96686E432AB7397A11 /* GCDWebServerMultiPartFormRequest.m in Sources */ = {isa = PBXBuildFile; fileRef = 6603AD4FF0414FB1BBEF9422 /* GCDWebServerMultiPartFormRequest.m */; };
		1D3623260D0F684500981E51 /* AppDelegate.m in Sources */ = {isa = PBXBuildFile; fileRef = 1D3623250D0F684500981E51 /* AppDelegate.m */; };
		1D60589B0D05DD56006BFB54 /* main.m in Sources */ = {isa = PBXBuildFile; fileRef = 29B97316FDCFA39411CA2CEA /* main.m */; };
		23A301EF11584283AB65552F /* Contacts.framework in Frameworks */ = {isa = PBXBuildFile; fileRef = 74572B3732324FDB97A4FA5E /* Contacts.framework */; };
		24C21A2979534084BAD7BCE3 /* CDVWKWebViewEngine.m in Sources */ = {isa = PBXBuildFile; fileRef = F69C341C99334A518FC3E54E /* CDVWKWebViewEngine.m */; };
		301BF552109A68D80062928A /* libCordova.a in Frameworks */ = {isa = PBXBuildFile; fileRef = 301BF535109A57CC0062928A /* libCordova.a */; };
		302D95F114D2391D003F00A1 /* MainViewController.m in Sources */ = {isa = PBXBuildFile; fileRef = 302D95EF14D2391D003F00A1 /* MainViewController.m */; };
		302D95F214D2391D003F00A1 /* MainViewController.xib in Resources */ = {isa = PBXBuildFile; fileRef = 302D95F014D2391D003F00A1 /* MainViewController.xib */; };
		31652B08750942F8B7B3E1DD /* FirebasePlugin.m in Sources */ = {isa = PBXBuildFile; fileRef = 0213B214136E4EE186373CC1 /* FirebasePlugin.m */; };
		40A0AA42CC4D4E1981CB6596 /* GCDWebServerURLEncodedFormRequest.m in Sources */ = {isa = PBXBuildFile; fileRef = 7EAB96B89D2F416DA16BE866 /* GCDWebServerURLEncodedFormRequest.m */; };
		51E0BBF2AC16416BA396333E /* GCDWebServerDataRequest.m in Sources */ = {isa = PBXBuildFile; fileRef = 51E67A89A3064D89AFD14708 /* GCDWebServerDataRequest.m */; };
		526D04674D5741CCA46B362A /* AVFoundation.framework in Frameworks */ = {isa = PBXBuildFile; fileRef = 546E9E689FC0482B84ED2F1F /* AVFoundation.framework */; };
		528B73FBC37E4CD887DAC1DB /* FirebaseMessaging.framework in Frameworks */ = {isa = PBXBuildFile; fileRef = 324F3617D54D41E2AE16F951 /* FirebaseMessaging.framework */; };
		55C28E304C1A40249B60953C /* Bolts.framework in Frameworks */ = {isa = PBXBuildFile; fileRef = A6E1AD49980442A29E6E9115 /* Bolts.framework */; };
		56963C8519344D8E8D3A1AFD /* GCDWebServerFileResponse.m in Sources */ = {isa = PBXBuildFile; fileRef = C5DE356AC83B4C82A752D793 /* GCDWebServerFileResponse.m */; };
		6AFF5BF91D6E424B00AB3073 /* CDVLaunchScreen.storyboard in Resources */ = {isa = PBXBuildFile; fileRef = 6AFF5BF81D6E424B00AB3073 /* CDVLaunchScreen.storyboard */; };
		7A28F4839BB34EEFB7ED5D39 /* AppDelegate+FirebasePlugin.m in Sources */ = {isa = PBXBuildFile; fileRef = 452F58DC43BF4CA99E2AAF30 /* AppDelegate+FirebasePlugin.m */; };
		7E55DAF85B1640FFB531110C /* Protobuf.framework in Frameworks */ = {isa = PBXBuildFile; fileRef = 1C4BB06320204B7891242656 /* Protobuf.framework */; };
		7F184F5EA5D04401B95A95A1 /* CDVDevice.m in Sources */ = {isa = PBXBuildFile; fileRef = 9936208E0DDE431195B5A7D8 /* CDVDevice.m */; };
		7FBA167A2DFD4478B1DB2EED /* GCDWebServerDataResponse.m in Sources */ = {isa = PBXBuildFile; fileRef = D1EBA4011FC241B89362E4A2 /* GCDWebServerDataResponse.m */; };
		8524DD2534E4418A83F27364 /* GCDWebServerFunctions.m in Sources */ = {isa = PBXBuildFile; fileRef = 27E20C7FA2E64FD5B8A909FF /* GCDWebServerFunctions.m */; };
		8E8320EAEDB54832AB616E22 /* SQLitePlugin.m in Sources */ = {isa = PBXBuildFile; fileRef = 9324D2F7A6144141B5B47621 /* SQLitePlugin.m */; };
		902C8677F7494177BF0263F7 /* CDVLocation.m in Sources */ = {isa = PBXBuildFile; fileRef = FC69249D515940F3B90EADD1 /* CDVLocation.m */; };
		90366DA4B83F45BF96829434 /* GCDWebServer.m in Sources */ = {isa = PBXBuildFile; fileRef = 81B22A45D3784DB9A140DF4F /* GCDWebServer.m */; };
		906170F6E97E4D128C54AA67 /* FBSDKCoreKit.framework in Frameworks */ = {isa = PBXBuildFile; fileRef = 80A7A94217AE49799979F4EC /* FBSDKCoreKit.framework */; };
		9D6992BB3C1E42EB9EEC81CC /* GoogleToolboxForMac.framework in Frameworks */ = {isa = PBXBuildFile; fileRef = BBF0546F886B4A75B2678E42 /* GoogleToolboxForMac.framework */; };
		A784F21B84424A428CD1FC9C /* CDVWKWebViewUIDelegate.m in Sources */ = {isa = PBXBuildFile; fileRef = EE21603A45FA4CA8BCBA9635 /* CDVWKWebViewUIDelegate.m */; };
		A9E15BE35F444A65B48C252B /* CoreMotion.framework in Frameworks */ = {isa = PBXBuildFile; fileRef = 79719B2A25524375A596B5CF /* CoreMotion.framework */; };
		B0B1F99E6DA440ADBD5F71C9 /* RequestLocationAccuracy.m in Sources */ = {isa = PBXBuildFile; fileRef = B2E86171BEE74C41A00F2D79 /* RequestLocationAccuracy.m */; };
		B0D4D55520DC4B548E0AB123 /* Diagnostic.m in Sources */ = {isa = PBXBuildFile; fileRef = B31659B44D1B4E38B68FAB8D /* Diagnostic.m */; };
		B302347E476B4B31B9201524 /* PSPDFThreadSafeMutableDictionary.m in Sources */ = {isa = PBXBuildFile; fileRef = 7C0D120D12D243EFA4F3F27D /* PSPDFThreadSafeMutableDictionary.m */; settings = {COMPILER_FLAGS = "-w"; }; };
		B4FE719B80B745269DC52D25 /* GCDWebServerFileRequest.m in Sources */ = {isa = PBXBuildFile; fileRef = 8F5455BA8B5D42C9A1F89224 /* GCDWebServerFileRequest.m */; };
		B50882B443514203BEABD5EA /* FirebaseCore.framework in Frameworks */ = {isa = PBXBuildFile; fileRef = DE2FCA603BE745C89070B4C2 /* FirebaseCore.framework */; };
		BA1A683E6B2745148354AB31 /* GCDWebServerErrorResponse.m in Sources */ = {isa = PBXBuildFile; fileRef = FA74A923B29A402C98B28679 /* GCDWebServerErrorResponse.m */; };
		BAFA5C3C412F40F99D5858D0 /* WebKit.framework in Frameworks */ = {isa = PBXBuildFile; fileRef = BAAF4C00471B4F3D8FF43B62 /* WebKit.framework */; settings = {ATTRIBUTES = (Weak, ); }; };
		C0E7C3EA97254AF0915AC211 /* FBSDKLoginKit.framework in Frameworks */ = {isa = PBXBuildFile; fileRef = 1B13BFEF47304044B4EF80AA /* FBSDKLoginKit.framework */; };
		C1C5E1D5771B451CA2B061CB /* FBSDKShareKit.framework in Frameworks */ = {isa = PBXBuildFile; fileRef = 2E01B1BCE95F4678AAE34AD8 /* FBSDKShareKit.framework */; };
		C21BF761BDFA4C35A36BE991 /* libz.tbd in Frameworks */ = {isa = PBXBuildFile; fileRef = 5D7C12AAF33E4D8CB81A5692 /* libz.tbd */; };
		C469D9C9A3E04EAF9F54E268 /* GCDWebServerRequest.m in Sources */ = {isa = PBXBuildFile; fileRef = E2E309BC3B6C40D1BBF3AFBF /* GCDWebServerRequest.m */; };
		C4F9BA1FB6C949D2B6E6CC07 /* CDVViewController+SplashScreen.m in Sources */ = {isa = PBXBuildFile; fileRef = 0CE7D03B1DAD487FBFE213BE /* CDVViewController+SplashScreen.m */; };
		C6617D29FA1F43A188EE44EA /* CDVSplashScreen.m in Sources */ = {isa = PBXBuildFile; fileRef = 7489597B23494B15A30933B5 /* CDVSplashScreen.m */; };
		C844B1FA22BE47E992D2A04F /* CoreLocation.framework in Frameworks */ = {isa = PBXBuildFile; fileRef = A6FE5CC3FB75497C990BDFC0 /* CoreLocation.framework */; };
		C8B5AC9F52364908BCFBD73E /* FirebaseRemoteConfig.framework in Frameworks */ = {isa = PBXBuildFile; fileRef = 9EB9C07D2B834300A5D06742 /* FirebaseRemoteConfig.framework */; };
		D299CE9E2C734AA4AF813B24 /* EventKit.framework in Frameworks */ = {isa = PBXBuildFile; fileRef = E905BC55CFF040EBA45369EA /* EventKit.framework */; };
		D330E8DA755348EE8D1D294B /* UserNotifications.framework in Frameworks */ = {isa = PBXBuildFile; fileRef = E32DF62F6B2D473689885A17 /* UserNotifications.framework */; };
		E2A926BD8423448E9A09F231 /* FacebookConnectPlugin.m in Sources */ = {isa = PBXBuildFile; fileRef = A0A6657CDB4E4A55A98D0FCC /* FacebookConnectPlugin.m */; };
		E3A7B2CF2C5F457AA5BB18F2 /* FirebaseInstanceID.framework in Frameworks */ = {isa = PBXBuildFile; fileRef = 2BF2112EBCD74CDFA717EA96 /* FirebaseInstanceID.framework */; };
		E61AA90E6A1C4467BAF4C663 /* CDVWKProcessPoolFactory.m in Sources */ = {isa = PBXBuildFile; fileRef = 01BBFC5A61E548E08A42EF5B /* CDVWKProcessPoolFactory.m */; };
		EA8AE03C91D6497981F04EBF /* CoreBluetooth.framework in Frameworks */ = {isa = PBXBuildFile; fileRef = 3B0977310AF04B639F1481C8 /* CoreBluetooth.framework */; };
		EAECAF6E4C8A4E1A900D95F3 /* sqlite3.c in Sources */ = {isa = PBXBuildFile; fileRef = 88134DD8773D4B7F92606557 /* sqlite3.c */; settings = {COMPILER_FLAGS = "-w -DSQLITE_THREADSAFE=2 -DSQLITE_DEFAULT_MEMSTATUS=0 -DSQLITE_OMIT_DECLTYPE -DSQLITE_OMIT_DEPRECATED -DSQLITE_OMIT_PROGRESS_CALLBACK -DSQLITE_OMIT_SHARED_CACHE -DSQLITE_TEMP_STORE=2 -DSQLITE_OMIT_LOAD_EXTENSION -DSQLITE_ENABLE_FTS3 -DSQLITE_ENABLE_FTS3_PARENTHESIS -DSQLITE_ENABLE_FTS4 -DSQLITE_ENABLE_RTREE -DSQLITE_DEFAULT_PAGE_SIZE=1024 -DSQLITE_DEFAULT_CACHE_SIZE=2000"; }; };
		ED70B126C3E743978A066B5C /* GCDWebServerConnection.m in Sources */ = {isa = PBXBuildFile; fileRef = 03490D11729341D693A6A812 /* GCDWebServerConnection.m */; };
		F0F32B2CCD93459984C7830F /* FirebaseAnalytics.framework in Frameworks */ = {isa = PBXBuildFile; fileRef = A9AF17F07B294BF9823CE301 /* FirebaseAnalytics.framework */; };
		F3687E93B97045D6B24E3ACD /* IonicKeyboard.m in Sources */ = {isa = PBXBuildFile; fileRef = 275FAE7220544A88861966A7 /* IonicKeyboard.m */; };
		F79F7F0492354B5A84C60C46 /* GCDWebServerStreamedResponse.m in Sources */ = {isa = PBXBuildFile; fileRef = C4226F4638264DC5AF9FAB95 /* GCDWebServerStreamedResponse.m */; };
/* End PBXBuildFile section */

/* Begin PBXContainerItemProxy section */
		18B4F9FD1FBB400500463682 /* PBXContainerItemProxy */ = {
			isa = PBXContainerItemProxy;
			containerPortal = 301BF52D109A57CC0062928A /* CordovaLib/CordovaLib.xcodeproj */;
			proxyType = 2;
			remoteGlobalIDString = C0C01EB21E3911D50056E6CB;
			remoteInfo = Cordova;
		};
		301BF534109A57CC0062928A /* PBXContainerItemProxy */ = {
			isa = PBXContainerItemProxy;
			containerPortal = 301BF52D109A57CC0062928A /* CordovaLib/CordovaLib.xcodeproj */;
			proxyType = 2;
			remoteGlobalIDString = D2AAC07E0554694100DB518D;
			remoteInfo = CordovaLib;
		};
		301BF550109A68C00062928A /* PBXContainerItemProxy */ = {
			isa = PBXContainerItemProxy;
			containerPortal = 301BF52D109A57CC0062928A /* CordovaLib/CordovaLib.xcodeproj */;
			proxyType = 1;
			remoteGlobalIDString = D2AAC07D0554694100DB518D;
			remoteInfo = CordovaLib;
		};
/* End PBXContainerItemProxy section */

/* Begin PBXFileReference section */
		006D324173EC4376BC8ED5A3 /* RequestLocationAccuracy.h */ = {isa = PBXFileReference; explicitFileType = undefined; fileEncoding = 4; includeInIndex = 0; lastKnownFileType = sourcecode.c.h; name = RequestLocationAccuracy.h; path = "cordova-plugin-request-location-accuracy/RequestLocationAccuracy.h"; sourceTree = "<group>"; };
		01BBFC5A61E548E08A42EF5B /* CDVWKProcessPoolFactory.m */ = {isa = PBXFileReference; explicitFileType = undefined; fileEncoding = 4; includeInIndex = 0; lastKnownFileType = sourcecode.c.objc; name = CDVWKProcessPoolFactory.m; path = "cordova-plugin-ionic-webview/CDVWKProcessPoolFactory.m"; sourceTree = "<group>"; };
		0207DA571B56EA530066E2B4 /* Images.xcassets */ = {isa = PBXFileReference; lastKnownFileType = folder.assetcatalog; name = Images.xcassets; path = Jobswala/Images.xcassets; sourceTree = SOURCE_ROOT; };
		0213B214136E4EE186373CC1 /* FirebasePlugin.m */ = {isa = PBXFileReference; explicitFileType = undefined; fileEncoding = 4; includeInIndex = 0; lastKnownFileType = sourcecode.c.objc; name = FirebasePlugin.m; path = "cordova-plugin-firebase/FirebasePlugin.m"; sourceTree = "<group>"; };
		03490D11729341D693A6A812 /* GCDWebServerConnection.m */ = {isa = PBXFileReference; explicitFileType = undefined; fileEncoding = 4; includeInIndex = 0; lastKnownFileType = sourcecode.c.objc; name = GCDWebServerConnection.m; path = "cordova-plugin-ionic-webview/GCDWebServerConnection.m"; sourceTree = "<group>"; };
		05101D5418174A36BD9AAD17 /* CDVWKWebViewEngine.h */ = {isa = PBXFileReference; explicitFileType = undefined; fileEncoding = 4; includeInIndex = 0; lastKnownFileType = sourcecode.c.h; name = CDVWKWebViewEngine.h; path = "cordova-plugin-ionic-webview/CDVWKWebViewEngine.h"; sourceTree = "<group>"; };
		07F3956C3B14465F8AB02734 /* GCDWebServerRequest.h */ = {isa = PBXFileReference; explicitFileType = undefined; fileEncoding = 4; includeInIndex = 0; lastKnownFileType = sourcecode.c.h; name = GCDWebServerRequest.h; path = "cordova-plugin-ionic-webview/GCDWebServerRequest.h"; sourceTree = "<group>"; };
		0CE7D03B1DAD487FBFE213BE /* CDVViewController+SplashScreen.m */ = {isa = PBXFileReference; explicitFileType = undefined; fileEncoding = 4; includeInIndex = 0; lastKnownFileType = sourcecode.c.objc; name = "CDVViewController+SplashScreen.m"; path = "cordova-plugin-splashscreen/CDVViewController+SplashScreen.m"; sourceTree = "<group>"; };
		0D3CC20E75244A76B289D4BE /* GCDWebServerResponse.h */ = {isa = PBXFileReference; explicitFileType = undefined; fileEncoding = 4; includeInIndex = 0; lastKnownFileType = sourcecode.c.h; name = GCDWebServerResponse.h; path = "cordova-plugin-ionic-webview/GCDWebServerResponse.h"; sourceTree = "<group>"; };
		0D5467B9EBB843ACA0841713 /* GoogleService-Info.plist */ = {isa = PBXFileReference; explicitFileType = undefined; fileEncoding = 4; includeInIndex = 0; lastKnownFileType = text.plist.xml; path = "GoogleService-Info.plist"; sourceTree = "<group>"; };
		10B7F6C3FA9A4A1CAAE2711B /* AddressBook.framework */ = {isa = PBXFileReference; explicitFileType = undefined; fileEncoding = 9; includeInIndex = 0; lastKnownFileType = wrapper.framework; name = AddressBook.framework; path = System/Library/Frameworks/AddressBook.framework; sourceTree = SDKROOT; };
		140C26AAE68D4F179646D1A8 /* CDVDevice.h */ = {isa = PBXFileReference; explicitFileType = undefined; fileEncoding = 4; includeInIndex = 0; lastKnownFileType = sourcecode.c.h; name = CDVDevice.h; path = "cordova-plugin-device/CDVDevice.h"; sourceTree = "<group>"; };
		18B4F9FF1FBB40E000463682 /* Jobswala.entitlements */ = {isa = PBXFileReference; lastKnownFileType = text.plist.entitlements; name = Jobswala.entitlements; path = Jobswala/Jobswala.entitlements; sourceTree = "<group>"; };
		1B13BFEF47304044B4EF80AA /* FBSDKLoginKit.framework */ = {isa = PBXFileReference; explicitFileType = undefined; fileEncoding = 9; includeInIndex = 0; lastKnownFileType = wrapper.framework; name = FBSDKLoginKit.framework; path = "Jobswala/Plugins/cordova-plugin-facebook4/FBSDKLoginKit.framework"; sourceTree = "<group>"; };
		1C4BB06320204B7891242656 /* Protobuf.framework */ = {isa = PBXFileReference; explicitFileType = undefined; fileEncoding = 9; includeInIndex = 0; lastKnownFileType = wrapper.framework; name = Protobuf.framework; path = "Jobswala/Plugins/cordova-plugin-firebase/Protobuf.framework"; sourceTree = "<group>"; };
		1D3623240D0F684500981E51 /* AppDelegate.h */ = {isa = PBXFileReference; fileEncoding = 4; lastKnownFileType = sourcecode.c.h; path = AppDelegate.h; sourceTree = "<group>"; };
		1D3623250D0F684500981E51 /* AppDelegate.m */ = {isa = PBXFileReference; fileEncoding = 4; lastKnownFileType = sourcecode.c.objc; path = AppDelegate.m; sourceTree = "<group>"; };
		1D6058910D05DD3D006BFB54 /* Jobswala.app */ = {isa = PBXFileReference; explicitFileType = wrapper.application; includeInIndex = 0; path = Jobswala.app; sourceTree = BUILT_PRODUCTS_DIR; };
		224636D633D94AF4B3C32552 /* CDVWKWebViewUIDelegate.h */ = {isa = PBXFileReference; explicitFileType = undefined; fileEncoding = 4; includeInIndex = 0; lastKnownFileType = sourcecode.c.h; name = CDVWKWebViewUIDelegate.h; path = "cordova-plugin-ionic-webview/CDVWKWebViewUIDelegate.h"; sourceTree = "<group>"; };
		275FAE7220544A88861966A7 /* IonicKeyboard.m */ = {isa = PBXFileReference; explicitFileType = undefined; fileEncoding = 4; includeInIndex = 0; lastKnownFileType = sourcecode.c.objc; name = IonicKeyboard.m; path = "ionic-plugin-keyboard/IonicKeyboard.m"; sourceTree = "<group>"; };
		27E20C7FA2E64FD5B8A909FF /* GCDWebServerFunctions.m */ = {isa = PBXFileReference; explicitFileType = undefined; fileEncoding = 4; includeInIndex = 0; lastKnownFileType = sourcecode.c.objc; name = GCDWebServerFunctions.m; path = "cordova-plugin-ionic-webview/GCDWebServerFunctions.m"; sourceTree = "<group>"; };
		29B97316FDCFA39411CA2CEA /* main.m */ = {isa = PBXFileReference; fileEncoding = 4; lastKnownFileType = sourcecode.c.objc; path = main.m; sourceTree = "<group>"; };
		2BCA8547743540EB89BAA0BB /* GCDWebServerConnection.h */ = {isa = PBXFileReference; explicitFileType = undefined; fileEncoding = 4; includeInIndex = 0; lastKnownFileType = sourcecode.c.h; name = GCDWebServerConnection.h; path = "cordova-plugin-ionic-webview/GCDWebServerConnection.h"; sourceTree = "<group>"; };
		2BF2112EBCD74CDFA717EA96 /* FirebaseInstanceID.framework */ = {isa = PBXFileReference; explicitFileType = undefined; fileEncoding = 9; includeInIndex = 0; lastKnownFileType = wrapper.framework; name = FirebaseInstanceID.framework; path = "Jobswala/Plugins/cordova-plugin-firebase/FirebaseInstanceID.framework"; sourceTree = "<group>"; };
		2CC5B9581B0C4DF18417512E /* AppDelegate+FirebasePlugin.h */ = {isa = PBXFileReference; explicitFileType = undefined; fileEncoding = 4; includeInIndex = 0; lastKnownFileType = sourcecode.c.h; name = "AppDelegate+FirebasePlugin.h"; path = "cordova-plugin-firebase/AppDelegate+FirebasePlugin.h"; sourceTree = "<group>"; };
		2E01B1BCE95F4678AAE34AD8 /* FBSDKShareKit.framework */ = {isa = PBXFileReference; explicitFileType = undefined; fileEncoding = 9; includeInIndex = 0; lastKnownFileType = wrapper.framework; name = FBSDKShareKit.framework; path = "Jobswala/Plugins/cordova-plugin-facebook4/FBSDKShareKit.framework"; sourceTree = "<group>"; };
		301BF52D109A57CC0062928A /* CordovaLib/CordovaLib.xcodeproj */ = {isa = PBXFileReference; lastKnownFileType = "wrapper.pb-project"; path = CordovaLib/CordovaLib.xcodeproj; sourceTree = "<group>"; };
		301BF56E109A69640062928A /* www */ = {isa = PBXFileReference; lastKnownFileType = folder; path = www; sourceTree = SOURCE_ROOT; };
		302D95EE14D2391D003F00A1 /* MainViewController.h */ = {isa = PBXFileReference; fileEncoding = 4; lastKnownFileType = sourcecode.c.h; path = MainViewController.h; sourceTree = "<group>"; };
		302D95EF14D2391D003F00A1 /* MainViewController.m */ = {isa = PBXFileReference; fileEncoding = 4; lastKnownFileType = sourcecode.c.objc; path = MainViewController.m; sourceTree = "<group>"; };
		302D95F014D2391D003F00A1 /* MainViewController.xib */ = {isa = PBXFileReference; fileEncoding = 4; lastKnownFileType = file.xib; path = MainViewController.xib; sourceTree = "<group>"; };
		3047A50F1AB8059700498E2A /* build-debug.xcconfig */ = {isa = PBXFileReference; fileEncoding = 4; lastKnownFileType = text.xcconfig; name = "build-debug.xcconfig"; path = "cordova/build-debug.xcconfig"; sourceTree = SOURCE_ROOT; };
		3047A5101AB8059700498E2A /* build-release.xcconfig */ = {isa = PBXFileReference; fileEncoding = 4; lastKnownFileType = text.xcconfig; name = "build-release.xcconfig"; path = "cordova/build-release.xcconfig"; sourceTree = SOURCE_ROOT; };
		3047A5111AB8059700498E2A /* build.xcconfig */ = {isa = PBXFileReference; fileEncoding = 4; lastKnownFileType = text.xcconfig; name = build.xcconfig; path = cordova/build.xcconfig; sourceTree = SOURCE_ROOT; };
		324F3617D54D41E2AE16F951 /* FirebaseMessaging.framework */ = {isa = PBXFileReference; explicitFileType = undefined; fileEncoding = 9; includeInIndex = 0; lastKnownFileType = wrapper.framework; name = FirebaseMessaging.framework; path = "Jobswala/Plugins/cordova-plugin-firebase/FirebaseMessaging.framework"; sourceTree = "<group>"; };
		32CA4F630368D1EE00C91783 /* Jobswala-Prefix.pch */ = {isa = PBXFileReference; fileEncoding = 4; lastKnownFileType = sourcecode.c.h; path = "Jobswala-Prefix.pch"; sourceTree = "<group>"; };
		3B0977310AF04B639F1481C8 /* CoreBluetooth.framework */ = {isa = PBXFileReference; explicitFileType = undefined; fileEncoding = 9; includeInIndex = 0; lastKnownFileType = wrapper.framework; name = CoreBluetooth.framework; path = System/Library/Frameworks/CoreBluetooth.framework; sourceTree = SDKROOT; };
		3BAC795E75A84AE4B0171B00 /* FacebookConnectPlugin.h */ = {isa = PBXFileReference; explicitFileType = undefined; fileEncoding = 4; includeInIndex = 0; lastKnownFileType = sourcecode.c.h; name = FacebookConnectPlugin.h; path = "cordova-plugin-facebook4/FacebookConnectPlugin.h"; sourceTree = "<group>"; };
		4321B4C433B14505B5184BB7 /* FirebasePlugin.h */ = {isa = PBXFileReference; explicitFileType = undefined; fileEncoding = 4; includeInIndex = 0; lastKnownFileType = sourcecode.c.h; name = FirebasePlugin.h; path = "cordova-plugin-firebase/FirebasePlugin.h"; sourceTree = "<group>"; };
		438A415511C44D61AB04931D /* GCDWebServerMultiPartFormRequest.h */ = {isa = PBXFileReference; explicitFileType = undefined; fileEncoding = 4; includeInIndex = 0; lastKnownFileType = sourcecode.c.h; name = GCDWebServerMultiPartFormRequest.h; path = "cordova-plugin-ionic-webview/GCDWebServerMultiPartFormRequest.h"; sourceTree = "<group>"; };
		452F58DC43BF4CA99E2AAF30 /* AppDelegate+FirebasePlugin.m */ = {isa = PBXFileReference; explicitFileType = undefined; fileEncoding = 4; includeInIndex = 0; lastKnownFileType = sourcecode.c.objc; name = "AppDelegate+FirebasePlugin.m"; path = "cordova-plugin-firebase/AppDelegate+FirebasePlugin.m"; sourceTree = "<group>"; };
		51E67A89A3064D89AFD14708 /* GCDWebServerDataRequest.m */ = {isa = PBXFileReference; explicitFileType = undefined; fileEncoding = 4; includeInIndex = 0; lastKnownFileType = sourcecode.c.objc; name = GCDWebServerDataRequest.m; path = "cordova-plugin-ionic-webview/GCDWebServerDataRequest.m"; sourceTree = "<group>"; };
		546E9E689FC0482B84ED2F1F /* AVFoundation.framework */ = {isa = PBXFileReference; explicitFileType = undefined; fileEncoding = 9; includeInIndex = 0; lastKnownFileType = wrapper.framework; name = AVFoundation.framework; path = System/Library/Frameworks/AVFoundation.framework; sourceTree = SDKROOT; };
		5D7C12AAF33E4D8CB81A5692 /* libz.tbd */ = {isa = PBXFileReference; explicitFileType = undefined; fileEncoding = 9; includeInIndex = 0; lastKnownFileType = "sourcecode.text-based-dylib-definition"; name = libz.tbd; path = usr/lib/libz.tbd; sourceTree = SDKROOT; };
		6603AD4FF0414FB1BBEF9422 /* GCDWebServerMultiPartFormRequest.m */ = {isa = PBXFileReference; explicitFileType = undefined; fileEncoding = 4; includeInIndex = 0; lastKnownFileType = sourcecode.c.objc; name = GCDWebServerMultiPartFormRequest.m; path = "cordova-plugin-ionic-webview/GCDWebServerMultiPartFormRequest.m"; sourceTree = "<group>"; };
		6AFF5BF81D6E424B00AB3073 /* CDVLaunchScreen.storyboard */ = {isa = PBXFileReference; fileEncoding = 4; lastKnownFileType = file.storyboard; name = CDVLaunchScreen.storyboard; path = Jobswala/CDVLaunchScreen.storyboard; sourceTree = SOURCE_ROOT; };
		6C17C61E89394245BE7EC0F7 /* GCDWebServerStreamedResponse.h */ = {isa = PBXFileReference; explicitFileType = undefined; fileEncoding = 4; includeInIndex = 0; lastKnownFileType = sourcecode.c.h; name = GCDWebServerStreamedResponse.h; path = "cordova-plugin-ionic-webview/GCDWebServerStreamedResponse.h"; sourceTree = "<group>"; };
		74572B3732324FDB97A4FA5E /* Contacts.framework */ = {isa = PBXFileReference; explicitFileType = undefined; fileEncoding = 9; includeInIndex = 0; lastKnownFileType = wrapper.framework; name = Contacts.framework; path = System/Library/Frameworks/Contacts.framework; sourceTree = SDKROOT; };
		7489597B23494B15A30933B5 /* CDVSplashScreen.m */ = {isa = PBXFileReference; explicitFileType = undefined; fileEncoding = 4; includeInIndex = 0; lastKnownFileType = sourcecode.c.objc; name = CDVSplashScreen.m; path = "cordova-plugin-splashscreen/CDVSplashScreen.m"; sourceTree = "<group>"; };
		778C941A03144B929C06473F /* CDVViewController+SplashScreen.h */ = {isa = PBXFileReference; explicitFileType = undefined; fileEncoding = 4; includeInIndex = 0; lastKnownFileType = sourcecode.c.h; name = "CDVViewController+SplashScreen.h"; path = "cordova-plugin-splashscreen/CDVViewController+SplashScreen.h"; sourceTree = "<group>"; };
		783FA866AD564279B158818A /* CDVSplashScreen.h */ = {isa = PBXFileReference; explicitFileType = undefined; fileEncoding = 4; includeInIndex = 0; lastKnownFileType = sourcecode.c.h; name = CDVSplashScreen.h; path = "cordova-plugin-splashscreen/CDVSplashScreen.h"; sourceTree = "<group>"; };
		79719B2A25524375A596B5CF /* CoreMotion.framework */ = {isa = PBXFileReference; explicitFileType = undefined; fileEncoding = 9; includeInIndex = 0; lastKnownFileType = wrapper.framework; name = CoreMotion.framework; path = System/Library/Frameworks/CoreMotion.framework; sourceTree = SDKROOT; };
		7C0D120D12D243EFA4F3F27D /* PSPDFThreadSafeMutableDictionary.m */ = {isa = PBXFileReference; explicitFileType = undefined; fileEncoding = 4; includeInIndex = 0; lastKnownFileType = sourcecode.c.objc; name = PSPDFThreadSafeMutableDictionary.m; path = "cordova-sqlite-storage/PSPDFThreadSafeMutableDictionary.m"; sourceTree = "<group>"; };
		7EAB96B89D2F416DA16BE866 /* GCDWebServerURLEncodedFormRequest.m */ = {isa = PBXFileReference; explicitFileType = undefined; fileEncoding = 4; includeInIndex = 0; lastKnownFileType = sourcecode.c.objc; name = GCDWebServerURLEncodedFormRequest.m; path = "cordova-plugin-ionic-webview/GCDWebServerURLEncodedFormRequest.m"; sourceTree = "<group>"; };
		80A7A94217AE49799979F4EC /* FBSDKCoreKit.framework */ = {isa = PBXFileReference; explicitFileType = undefined; fileEncoding = 9; includeInIndex = 0; lastKnownFileType = wrapper.framework; name = FBSDKCoreKit.framework; path = "Jobswala/Plugins/cordova-plugin-facebook4/FBSDKCoreKit.framework"; sourceTree = "<group>"; };
		81B22A45D3784DB9A140DF4F /* GCDWebServer.m */ = {isa = PBXFileReference; explicitFileType = undefined; fileEncoding = 4; includeInIndex = 0; lastKnownFileType = sourcecode.c.objc; name = GCDWebServer.m; path = "cordova-plugin-ionic-webview/GCDWebServer.m"; sourceTree = "<group>"; };
		83B7C273D0DC4B90B9CD4BAE /* PSPDFThreadSafeMutableDictionary.h */ = {isa = PBXFileReference; explicitFileType = undefined; fileEncoding = 4; includeInIndex = 0; lastKnownFileType = sourcecode.c.h; name = PSPDFThreadSafeMutableDictionary.h; path = "cordova-sqlite-storage/PSPDFThreadSafeMutableDictionary.h"; sourceTree = "<group>"; };
		88134DD8773D4B7F92606557 /* sqlite3.c */ = {isa = PBXFileReference; explicitFileType = undefined; fileEncoding = 9; includeInIndex = 0; lastKnownFileType = unknown; name = sqlite3.c; path = "cordova-sqlite-storage/sqlite3.c"; sourceTree = "<group>"; };
		8D1107310486CEB800E47090 /* Jobswala-Info.plist */ = {isa = PBXFileReference; fileEncoding = 4; lastKnownFileType = text.plist.xml; name = "Jobswala-Info.plist"; path = "Jobswala/Jobswala-Info.plist"; plistStructureDefinitionIdentifier = "com.apple.xcode.plist.structure-definition.iphone.info-plist"; sourceTree = SOURCE_ROOT; };
		8E0423E184A747B7BB5BADF7 /* GCDWebServerFunctions.h */ = {isa = PBXFileReference; explicitFileType = undefined; fileEncoding = 4; includeInIndex = 0; lastKnownFileType = sourcecode.c.h; name = GCDWebServerFunctions.h; path = "cordova-plugin-ionic-webview/GCDWebServerFunctions.h"; sourceTree = "<group>"; };
		8F5455BA8B5D42C9A1F89224 /* GCDWebServerFileRequest.m */ = {isa = PBXFileReference; explicitFileType = undefined; fileEncoding = 4; includeInIndex = 0; lastKnownFileType = sourcecode.c.objc; name = GCDWebServerFileRequest.m; path = "cordova-plugin-ionic-webview/GCDWebServerFileRequest.m"; sourceTree = "<group>"; };
		90047C932B004EF5A90FE23A /* Photos.framework */ = {isa = PBXFileReference; explicitFileType = undefined; fileEncoding = 9; includeInIndex = 0; lastKnownFileType = wrapper.framework; name = Photos.framework; path = System/Library/Frameworks/Photos.framework; sourceTree = SDKROOT; };
		9324D2F7A6144141B5B47621 /* SQLitePlugin.m */ = {isa = PBXFileReference; explicitFileType = undefined; fileEncoding = 4; includeInIndex = 0; lastKnownFileType = sourcecode.c.objc; name = SQLitePlugin.m; path = "cordova-sqlite-storage/SQLitePlugin.m"; sourceTree = "<group>"; };
		93955A4A01D54BA7B0FF9CB8 /* SQLitePlugin.h */ = {isa = PBXFileReference; explicitFileType = undefined; fileEncoding = 4; includeInIndex = 0; lastKnownFileType = sourcecode.c.h; name = SQLitePlugin.h; path = "cordova-sqlite-storage/SQLitePlugin.h"; sourceTree = "<group>"; };
		96A66178C6444B75A77A1302 /* GCDWebServerFileResponse.h */ = {isa = PBXFileReference; explicitFileType = undefined; fileEncoding = 4; includeInIndex = 0; lastKnownFileType = sourcecode.c.h; name = GCDWebServerFileResponse.h; path = "cordova-plugin-ionic-webview/GCDWebServerFileResponse.h"; sourceTree = "<group>"; };
		9936208E0DDE431195B5A7D8 /* CDVDevice.m */ = {isa = PBXFileReference; explicitFileType = undefined; fileEncoding = 4; includeInIndex = 0; lastKnownFileType = sourcecode.c.objc; name = CDVDevice.m; path = "cordova-plugin-device/CDVDevice.m"; sourceTree = "<group>"; };
		9EB9C07D2B834300A5D06742 /* FirebaseRemoteConfig.framework */ = {isa = PBXFileReference; explicitFileType = undefined; fileEncoding = 9; includeInIndex = 0; lastKnownFileType = wrapper.framework; name = FirebaseRemoteConfig.framework; path = "Jobswala/Plugins/cordova-plugin-firebase/FirebaseRemoteConfig.framework"; sourceTree = "<group>"; };
		A0A6657CDB4E4A55A98D0FCC /* FacebookConnectPlugin.m */ = {isa = PBXFileReference; explicitFileType = undefined; fileEncoding = 4; includeInIndex = 0; lastKnownFileType = sourcecode.c.objc; name = FacebookConnectPlugin.m; path = "cordova-plugin-facebook4/FacebookConnectPlugin.m"; sourceTree = "<group>"; };
		A6E1AD49980442A29E6E9115 /* Bolts.framework */ = {isa = PBXFileReference; explicitFileType = undefined; fileEncoding = 9; includeInIndex = 0; lastKnownFileType = wrapper.framework; name = Bolts.framework; path = "Jobswala/Plugins/cordova-plugin-facebook4/Bolts.framework"; sourceTree = "<group>"; };
		A6FE5CC3FB75497C990BDFC0 /* CoreLocation.framework */ = {isa = PBXFileReference; explicitFileType = undefined; fileEncoding = 9; includeInIndex = 0; lastKnownFileType = wrapper.framework; name = CoreLocation.framework; path = System/Library/Frameworks/CoreLocation.framework; sourceTree = SDKROOT; };
		A7C63015DC254B5CBD034E62 /* GCDWebServerHTTPStatusCodes.h */ = {isa = PBXFileReference; explicitFileType = undefined; fileEncoding = 4; includeInIndex = 0; lastKnownFileType = sourcecode.c.h; name = GCDWebServerHTTPStatusCodes.h; path = "cordova-plugin-ionic-webview/GCDWebServerHTTPStatusCodes.h"; sourceTree = "<group>"; };
		A9AF17F07B294BF9823CE301 /* FirebaseAnalytics.framework */ = {isa = PBXFileReference; explicitFileType = undefined; fileEncoding = 9; includeInIndex = 0; lastKnownFileType = wrapper.framework; name = FirebaseAnalytics.framework; path = "Jobswala/Plugins/cordova-plugin-firebase/FirebaseAnalytics.framework"; sourceTree = "<group>"; };
		B2E86171BEE74C41A00F2D79 /* RequestLocationAccuracy.m */ = {isa = PBXFileReference; explicitFileType = undefined; fileEncoding = 4; includeInIndex = 0; lastKnownFileType = sourcecode.c.objc; name = RequestLocationAccuracy.m; path = "cordova-plugin-request-location-accuracy/RequestLocationAccuracy.m"; sourceTree = "<group>"; };
		B31659B44D1B4E38B68FAB8D /* Diagnostic.m */ = {isa = PBXFileReference; explicitFileType = undefined; fileEncoding = 4; includeInIndex = 0; lastKnownFileType = sourcecode.c.objc; name = Diagnostic.m; path = cordova.plugins.diagnostic/Diagnostic.m; sourceTree = "<group>"; };
		B3B8283796E94B93AF464A9A /* FirebaseCrash.framework */ = {isa = PBXFileReference; explicitFileType = undefined; fileEncoding = 9; includeInIndex = 0; lastKnownFileType = wrapper.framework; name = FirebaseCrash.framework; path = "Jobswala/Plugins/cordova-plugin-firebase/FirebaseCrash.framework"; sourceTree = "<group>"; };
		BAAF4C00471B4F3D8FF43B62 /* WebKit.framework */ = {isa = PBXFileReference; explicitFileType = undefined; fileEncoding = 9; includeInIndex = 0; lastKnownFileType = wrapper.framework; name = WebKit.framework; path = System/Library/Frameworks/WebKit.framework; sourceTree = SDKROOT; };
		BBF0546F886B4A75B2678E42 /* GoogleToolboxForMac.framework */ = {isa = PBXFileReference; explicitFileType = undefined; fileEncoding = 9; includeInIndex = 0; lastKnownFileType = wrapper.framework; name = GoogleToolboxForMac.framework; path = "Jobswala/Plugins/cordova-plugin-firebase/GoogleToolboxForMac.framework"; sourceTree = "<group>"; };
		BD8FAF3BD7C94DE8BB50F8B6 /* GCDWebServerPrivate.h */ = {isa = PBXFileReference; explicitFileType = undefined; fileEncoding = 4; includeInIndex = 0; lastKnownFileType = sourcecode.c.h; name = GCDWebServerPrivate.h; path = "cordova-plugin-ionic-webview/GCDWebServerPrivate.h"; sourceTree = "<group>"; };
		C40C850DC0DD4E7B9FFCEA3B /* GCDWebServerURLEncodedFormRequest.h */ = {isa = PBXFileReference; explicitFileType = undefined; fileEncoding = 4; includeInIndex = 0; lastKnownFileType = sourcecode.c.h; name = GCDWebServerURLEncodedFormRequest.h; path = "cordova-plugin-ionic-webview/GCDWebServerURLEncodedFormRequest.h"; sourceTree = "<group>"; };
		C4226F4638264DC5AF9FAB95 /* GCDWebServerStreamedResponse.m */ = {isa = PBXFileReference; explicitFileType = undefined; fileEncoding = 4; includeInIndex = 0; lastKnownFileType = sourcecode.c.objc; name = GCDWebServerStreamedResponse.m; path = "cordova-plugin-ionic-webview/GCDWebServerStreamedResponse.m"; sourceTree = "<group>"; };
		C5DE356AC83B4C82A752D793 /* GCDWebServerFileResponse.m */ = {isa = PBXFileReference; explicitFileType = undefined; fileEncoding = 4; includeInIndex = 0; lastKnownFileType = sourcecode.c.objc; name = GCDWebServerFileResponse.m; path = "cordova-plugin-ionic-webview/GCDWebServerFileResponse.m"; sourceTree = "<group>"; };
		C72DC20DDC204CB8BD2F433D /* GCDWebServer.h */ = {isa = PBXFileReference; explicitFileType = undefined; fileEncoding = 4; includeInIndex = 0; lastKnownFileType = sourcecode.c.h; name = GCDWebServer.h; path = "cordova-plugin-ionic-webview/GCDWebServer.h"; sourceTree = "<group>"; };
		D1D44E4CDE104B6886302B8F /* GCDWebServerResponse.m */ = {isa = PBXFileReference; explicitFileType = undefined; fileEncoding = 4; includeInIndex = 0; lastKnownFileType = sourcecode.c.objc; name = GCDWebServerResponse.m; path = "cordova-plugin-ionic-webview/GCDWebServerResponse.m"; sourceTree = "<group>"; };
		D1EBA4011FC241B89362E4A2 /* GCDWebServerDataResponse.m */ = {isa = PBXFileReference; explicitFileType = undefined; fileEncoding = 4; includeInIndex = 0; lastKnownFileType = sourcecode.c.objc; name = GCDWebServerDataResponse.m; path = "cordova-plugin-ionic-webview/GCDWebServerDataResponse.m"; sourceTree = "<group>"; };
		D46F000C994E496199E81F8A /* CDVLocation.h */ = {isa = PBXFileReference; explicitFileType = undefined; fileEncoding = 4; includeInIndex = 0; lastKnownFileType = sourcecode.c.h; name = CDVLocation.h; path = "cordova-plugin-geolocation/CDVLocation.h"; sourceTree = "<group>"; };
		D4CB682E5D0846ED813AF44F /* sqlite3.h */ = {isa = PBXFileReference; explicitFileType = undefined; fileEncoding = 4; includeInIndex = 0; lastKnownFileType = sourcecode.c.h; name = sqlite3.h; path = "cordova-sqlite-storage/sqlite3.h"; sourceTree = "<group>"; };
		DB51C7600A184362A2D77030 /* GCDWebServerFileRequest.h */ = {isa = PBXFileReference; explicitFileType = undefined; fileEncoding = 4; includeInIndex = 0; lastKnownFileType = sourcecode.c.h; name = GCDWebServerFileRequest.h; path = "cordova-plugin-ionic-webview/GCDWebServerFileRequest.h"; sourceTree = "<group>"; };
		DDC690ED9E4940B7802DDF40 /* GCDWebServerErrorResponse.h */ = {isa = PBXFileReference; explicitFileType = undefined; fileEncoding = 4; includeInIndex = 0; lastKnownFileType = sourcecode.c.h; name = GCDWebServerErrorResponse.h; path = "cordova-plugin-ionic-webview/GCDWebServerErrorResponse.h"; sourceTree = "<group>"; };
		DE2FCA603BE745C89070B4C2 /* FirebaseCore.framework */ = {isa = PBXFileReference; explicitFileType = undefined; fileEncoding = 9; includeInIndex = 0; lastKnownFileType = wrapper.framework; name = FirebaseCore.framework; path = "Jobswala/Plugins/cordova-plugin-firebase/FirebaseCore.framework"; sourceTree = "<group>"; };
		E2645D490CBE4CF4893D2C16 /* Firebase.h */ = {isa = PBXFileReference; explicitFileType = undefined; fileEncoding = 4; includeInIndex = 0; lastKnownFileType = sourcecode.c.h; name = Firebase.h; path = "cordova-plugin-firebase/Firebase.h"; sourceTree = "<group>"; };
		E2E309BC3B6C40D1BBF3AFBF /* GCDWebServerRequest.m */ = {isa = PBXFileReference; explicitFileType = undefined; fileEncoding = 4; includeInIndex = 0; lastKnownFileType = sourcecode.c.objc; name = GCDWebServerRequest.m; path = "cordova-plugin-ionic-webview/GCDWebServerRequest.m"; sourceTree = "<group>"; };
		E32DF62F6B2D473689885A17 /* UserNotifications.framework */ = {isa = PBXFileReference; explicitFileType = undefined; fileEncoding = 9; includeInIndex = 0; lastKnownFileType = wrapper.framework; name = UserNotifications.framework; path = System/Library/Frameworks/UserNotifications.framework; sourceTree = SDKROOT; };
		E905BC55CFF040EBA45369EA /* EventKit.framework */ = {isa = PBXFileReference; explicitFileType = undefined; fileEncoding = 9; includeInIndex = 0; lastKnownFileType = wrapper.framework; name = EventKit.framework; path = System/Library/Frameworks/EventKit.framework; sourceTree = SDKROOT; };
		E9A23E15FB8C46ACA68F4349 /* Diagnostic.h */ = {isa = PBXFileReference; explicitFileType = undefined; fileEncoding = 4; includeInIndex = 0; lastKnownFileType = sourcecode.c.h; name = Diagnostic.h; path = cordova.plugins.diagnostic/Diagnostic.h; sourceTree = "<group>"; };
		EB87FDF31871DA8E0020F90C /* www */ = {isa = PBXFileReference; lastKnownFileType = folder; name = www; path = ../../www; sourceTree = "<group>"; };
		EB87FDF41871DAF40020F90C /* config.xml */ = {isa = PBXFileReference; lastKnownFileType = text.xml; name = config.xml; path = ../../config.xml; sourceTree = "<group>"; };
		EBE2C1088BBE40C3B8AFA744 /* GCDWebServerDataResponse.h */ = {isa = PBXFileReference; explicitFileType = undefined; fileEncoding = 4; includeInIndex = 0; lastKnownFileType = sourcecode.c.h; name = GCDWebServerDataResponse.h; path = "cordova-plugin-ionic-webview/GCDWebServerDataResponse.h"; sourceTree = "<group>"; };
		ED33DF2A687741AEAF9F8254 /* Bridging-Header.h */ = {isa = PBXFileReference; fileEncoding = 4; lastKnownFileType = sourcecode.c.h; path = "Bridging-Header.h"; sourceTree = "<group>"; };
		EE21603A45FA4CA8BCBA9635 /* CDVWKWebViewUIDelegate.m */ = {isa = PBXFileReference; explicitFileType = undefined; fileEncoding = 4; includeInIndex = 0; lastKnownFileType = sourcecode.c.objc; name = CDVWKWebViewUIDelegate.m; path = "cordova-plugin-ionic-webview/CDVWKWebViewUIDelegate.m"; sourceTree = "<group>"; };
		F1AD82EE462A4F2B8E95A7CD /* IonicKeyboard.h */ = {isa = PBXFileReference; explicitFileType = undefined; fileEncoding = 4; includeInIndex = 0; lastKnownFileType = sourcecode.c.h; name = IonicKeyboard.h; path = "ionic-plugin-keyboard/IonicKeyboard.h"; sourceTree = "<group>"; };
		F339CED9DC5043AC87A4E46C /* CDVWKProcessPoolFactory.h */ = {isa = PBXFileReference; explicitFileType = undefined; fileEncoding = 4; includeInIndex = 0; lastKnownFileType = sourcecode.c.h; name = CDVWKProcessPoolFactory.h; path = "cordova-plugin-ionic-webview/CDVWKProcessPoolFactory.h"; sourceTree = "<group>"; };
		F5561640E36940E188AACC65 /* GCDWebServerDataRequest.h */ = {isa = PBXFileReference; explicitFileType = undefined; fileEncoding = 4; includeInIndex = 0; lastKnownFileType = sourcecode.c.h; name = GCDWebServerDataRequest.h; path = "cordova-plugin-ionic-webview/GCDWebServerDataRequest.h"; sourceTree = "<group>"; };
		F69C341C99334A518FC3E54E /* CDVWKWebViewEngine.m */ = {isa = PBXFileReference; explicitFileType = undefined; fileEncoding = 4; includeInIndex = 0; lastKnownFileType = sourcecode.c.objc; name = CDVWKWebViewEngine.m; path = "cordova-plugin-ionic-webview/CDVWKWebViewEngine.m"; sourceTree = "<group>"; };
		F840E1F0165FE0F500CFE078 /* config.xml */ = {isa = PBXFileReference; lastKnownFileType = text.xml; name = config.xml; path = Jobswala/config.xml; sourceTree = "<group>"; };
		FA74A923B29A402C98B28679 /* GCDWebServerErrorResponse.m */ = {isa = PBXFileReference; explicitFileType = undefined; fileEncoding = 4; includeInIndex = 0; lastKnownFileType = sourcecode.c.objc; name = GCDWebServerErrorResponse.m; path = "cordova-plugin-ionic-webview/GCDWebServerErrorResponse.m"; sourceTree = "<group>"; };
		FC69249D515940F3B90EADD1 /* CDVLocation.m */ = {isa = PBXFileReference; explicitFileType = undefined; fileEncoding = 4; includeInIndex = 0; lastKnownFileType = sourcecode.c.objc; name = CDVLocation.m; path = "cordova-plugin-geolocation/CDVLocation.m"; sourceTree = "<group>"; };
/* End PBXFileReference section */

/* Begin PBXFrameworksBuildPhase section */
		1D60588F0D05DD3D006BFB54 /* Frameworks */ = {
			isa = PBXFrameworksBuildPhase;
			buildActionMask = 2147483647;
			files = (
				301BF552109A68D80062928A /* libCordova.a in Frameworks */,
				55C28E304C1A40249B60953C /* Bolts.framework in Frameworks */,
				906170F6E97E4D128C54AA67 /* FBSDKCoreKit.framework in Frameworks */,
				C0E7C3EA97254AF0915AC211 /* FBSDKLoginKit.framework in Frameworks */,
				C1C5E1D5771B451CA2B061CB /* FBSDKShareKit.framework in Frameworks */,
				F0F32B2CCD93459984C7830F /* FirebaseAnalytics.framework in Frameworks */,
				B50882B443514203BEABD5EA /* FirebaseCore.framework in Frameworks */,
				E3A7B2CF2C5F457AA5BB18F2 /* FirebaseInstanceID.framework in Frameworks */,
				9D6992BB3C1E42EB9EEC81CC /* GoogleToolboxForMac.framework in Frameworks */,
				7E55DAF85B1640FFB531110C /* Protobuf.framework in Frameworks */,
				528B73FBC37E4CD887DAC1DB /* FirebaseMessaging.framework in Frameworks */,
				04C4282BE7D04D8BB4C1AFFB /* FirebaseCrash.framework in Frameworks */,
				C8B5AC9F52364908BCFBD73E /* FirebaseRemoteConfig.framework in Frameworks */,
				C844B1FA22BE47E992D2A04F /* CoreLocation.framework in Frameworks */,
				BAFA5C3C412F40F99D5858D0 /* WebKit.framework in Frameworks */,
				C21BF761BDFA4C35A36BE991 /* libz.tbd in Frameworks */,
				EA8AE03C91D6497981F04EBF /* CoreBluetooth.framework in Frameworks */,
				A9E15BE35F444A65B48C252B /* CoreMotion.framework in Frameworks */,
				526D04674D5741CCA46B362A /* AVFoundation.framework in Frameworks */,
				0833307837F4433192BEB4E5 /* Photos.framework in Frameworks */,
				1577700214414989B2F5B7CD /* AddressBook.framework in Frameworks */,
				D299CE9E2C734AA4AF813B24 /* EventKit.framework in Frameworks */,
				23A301EF11584283AB65552F /* Contacts.framework in Frameworks */,
				D330E8DA755348EE8D1D294B /* UserNotifications.framework in Frameworks */,
			);
			runOnlyForDeploymentPostprocessing = 0;
		};
/* End PBXFrameworksBuildPhase section */

/* Begin PBXGroup section */
		080E96DDFE201D6D7F000001 /* Classes */ = {
			isa = PBXGroup;
			children = (
				302D95EE14D2391D003F00A1 /* MainViewController.h */,
				302D95EF14D2391D003F00A1 /* MainViewController.m */,
				302D95F014D2391D003F00A1 /* MainViewController.xib */,
				1D3623240D0F684500981E51 /* AppDelegate.h */,
				1D3623250D0F684500981E51 /* AppDelegate.m */,
			);
			name = Classes;
			path = Jobswala/Classes;
			sourceTree = SOURCE_ROOT;
		};
		19C28FACFE9D520D11CA2CBB /* Products */ = {
			isa = PBXGroup;
			children = (
				1D6058910D05DD3D006BFB54 /* Jobswala.app */,
			);
			name = Products;
			sourceTree = "<group>";
		};
		29B97314FDCFA39411CA2CEA /* CustomTemplate */ = {
			isa = PBXGroup;
			children = (
				18B4F9FF1FBB40E000463682 /* Jobswala.entitlements */,
				EB87FDF41871DAF40020F90C /* config.xml */,
				EB87FDF31871DA8E0020F90C /* www */,
				EB87FDF11871DA420020F90C /* Staging */,
				301BF52D109A57CC0062928A /* CordovaLib/CordovaLib.xcodeproj */,
				080E96DDFE201D6D7F000001 /* Classes */,
				307C750510C5A3420062BCA9 /* Plugins */,
				29B97315FDCFA39411CA2CEA /* Other Sources */,
				29B97317FDCFA39411CA2CEA /* Resources */,
				29B97323FDCFA39411CA2CEA /* Frameworks */,
				19C28FACFE9D520D11CA2CBB /* Products */,
			);
			name = CustomTemplate;
			sourceTree = "<group>";
		};
		29B97315FDCFA39411CA2CEA /* Other Sources */ = {
			isa = PBXGroup;
			children = (
				32CA4F630368D1EE00C91783 /* Jobswala-Prefix.pch */,
				29B97316FDCFA39411CA2CEA /* main.m */,
				ED33DF2A687741AEAF9F8254 /* Bridging-Header.h */,
			);
			name = "Other Sources";
			path = Jobswala;
			sourceTree = "<group>";
		};
		29B97317FDCFA39411CA2CEA /* Resources */ = {
			isa = PBXGroup;
			children = (
				0207DA571B56EA530066E2B4 /* Images.xcassets */,
				3047A50E1AB8057F00498E2A /* config */,
				8D1107310486CEB800E47090 /* Jobswala-Info.plist */,
				6AFF5BF81D6E424B00AB3073 /* CDVLaunchScreen.storyboard */,
				0D5467B9EBB843ACA0841713 /* GoogleService-Info.plist */,
			);
			name = Resources;
			path = Jobswala/Resources;
			sourceTree = "<group>";
		};
		29B97323FDCFA39411CA2CEA /* Frameworks */ = {
			isa = PBXGroup;
			children = (
				A6E1AD49980442A29E6E9115 /* Bolts.framework */,
				80A7A94217AE49799979F4EC /* FBSDKCoreKit.framework */,
				1B13BFEF47304044B4EF80AA /* FBSDKLoginKit.framework */,
				2E01B1BCE95F4678AAE34AD8 /* FBSDKShareKit.framework */,
				A9AF17F07B294BF9823CE301 /* FirebaseAnalytics.framework */,
				DE2FCA603BE745C89070B4C2 /* FirebaseCore.framework */,
				2BF2112EBCD74CDFA717EA96 /* FirebaseInstanceID.framework */,
				BBF0546F886B4A75B2678E42 /* GoogleToolboxForMac.framework */,
				1C4BB06320204B7891242656 /* Protobuf.framework */,
				324F3617D54D41E2AE16F951 /* FirebaseMessaging.framework */,
				B3B8283796E94B93AF464A9A /* FirebaseCrash.framework */,
				9EB9C07D2B834300A5D06742 /* FirebaseRemoteConfig.framework */,
				A6FE5CC3FB75497C990BDFC0 /* CoreLocation.framework */,
				BAAF4C00471B4F3D8FF43B62 /* WebKit.framework */,
				5D7C12AAF33E4D8CB81A5692 /* libz.tbd */,
				3B0977310AF04B639F1481C8 /* CoreBluetooth.framework */,
				79719B2A25524375A596B5CF /* CoreMotion.framework */,
				546E9E689FC0482B84ED2F1F /* AVFoundation.framework */,
				90047C932B004EF5A90FE23A /* Photos.framework */,
				10B7F6C3FA9A4A1CAAE2711B /* AddressBook.framework */,
				E905BC55CFF040EBA45369EA /* EventKit.framework */,
				74572B3732324FDB97A4FA5E /* Contacts.framework */,
				E32DF62F6B2D473689885A17 /* UserNotifications.framework */,
			);
			name = Frameworks;
			sourceTree = "<group>";
		};
		301BF52E109A57CC0062928A /* Products */ = {
			isa = PBXGroup;
			children = (
				301BF535109A57CC0062928A /* libCordova.a */,
				18B4F9FE1FBB400500463682 /* Cordova.framework */,
			);
			name = Products;
			sourceTree = "<group>";
		};
		3047A50E1AB8057F00498E2A /* config */ = {
			isa = PBXGroup;
			children = (
				3047A50F1AB8059700498E2A /* build-debug.xcconfig */,
				3047A5101AB8059700498E2A /* build-release.xcconfig */,
				3047A5111AB8059700498E2A /* build.xcconfig */,
			);
			name = config;
			sourceTree = "<group>";
		};
		307C750510C5A3420062BCA9 /* Plugins */ = {
			isa = PBXGroup;
			children = (
				9936208E0DDE431195B5A7D8 /* CDVDevice.m */,
				140C26AAE68D4F179646D1A8 /* CDVDevice.h */,
				A0A6657CDB4E4A55A98D0FCC /* FacebookConnectPlugin.m */,
				3BAC795E75A84AE4B0171B00 /* FacebookConnectPlugin.h */,
				452F58DC43BF4CA99E2AAF30 /* AppDelegate+FirebasePlugin.m */,
				0213B214136E4EE186373CC1 /* FirebasePlugin.m */,
				2CC5B9581B0C4DF18417512E /* AppDelegate+FirebasePlugin.h */,
				4321B4C433B14505B5184BB7 /* FirebasePlugin.h */,
				E2645D490CBE4CF4893D2C16 /* Firebase.h */,
				FC69249D515940F3B90EADD1 /* CDVLocation.m */,
				D46F000C994E496199E81F8A /* CDVLocation.h */,
				F69C341C99334A518FC3E54E /* CDVWKWebViewEngine.m */,
				EE21603A45FA4CA8BCBA9635 /* CDVWKWebViewUIDelegate.m */,
				01BBFC5A61E548E08A42EF5B /* CDVWKProcessPoolFactory.m */,
				81B22A45D3784DB9A140DF4F /* GCDWebServer.m */,
				03490D11729341D693A6A812 /* GCDWebServerConnection.m */,
				27E20C7FA2E64FD5B8A909FF /* GCDWebServerFunctions.m */,
				E2E309BC3B6C40D1BBF3AFBF /* GCDWebServerRequest.m */,
				D1D44E4CDE104B6886302B8F /* GCDWebServerResponse.m */,
				51E67A89A3064D89AFD14708 /* GCDWebServerDataRequest.m */,
				8F5455BA8B5D42C9A1F89224 /* GCDWebServerFileRequest.m */,
				6603AD4FF0414FB1BBEF9422 /* GCDWebServerMultiPartFormRequest.m */,
				7EAB96B89D2F416DA16BE866 /* GCDWebServerURLEncodedFormRequest.m */,
				D1EBA4011FC241B89362E4A2 /* GCDWebServerDataResponse.m */,
				FA74A923B29A402C98B28679 /* GCDWebServerErrorResponse.m */,
				C5DE356AC83B4C82A752D793 /* GCDWebServerFileResponse.m */,
				C4226F4638264DC5AF9FAB95 /* GCDWebServerStreamedResponse.m */,
				05101D5418174A36BD9AAD17 /* CDVWKWebViewEngine.h */,
				224636D633D94AF4B3C32552 /* CDVWKWebViewUIDelegate.h */,
				F339CED9DC5043AC87A4E46C /* CDVWKProcessPoolFactory.h */,
				C72DC20DDC204CB8BD2F433D /* GCDWebServer.h */,
				2BCA8547743540EB89BAA0BB /* GCDWebServerConnection.h */,
				8E0423E184A747B7BB5BADF7 /* GCDWebServerFunctions.h */,
				A7C63015DC254B5CBD034E62 /* GCDWebServerHTTPStatusCodes.h */,
				BD8FAF3BD7C94DE8BB50F8B6 /* GCDWebServerPrivate.h */,
				07F3956C3B14465F8AB02734 /* GCDWebServerRequest.h */,
				0D3CC20E75244A76B289D4BE /* GCDWebServerResponse.h */,
				F5561640E36940E188AACC65 /* GCDWebServerDataRequest.h */,
				DB51C7600A184362A2D77030 /* GCDWebServerFileRequest.h */,
				438A415511C44D61AB04931D /* GCDWebServerMultiPartFormRequest.h */,
				C40C850DC0DD4E7B9FFCEA3B /* GCDWebServerURLEncodedFormRequest.h */,
				EBE2C1088BBE40C3B8AFA744 /* GCDWebServerDataResponse.h */,
				DDC690ED9E4940B7802DDF40 /* GCDWebServerErrorResponse.h */,
				96A66178C6444B75A77A1302 /* GCDWebServerFileResponse.h */,
				6C17C61E89394245BE7EC0F7 /* GCDWebServerStreamedResponse.h */,
				B2E86171BEE74C41A00F2D79 /* RequestLocationAccuracy.m */,
				006D324173EC4376BC8ED5A3 /* RequestLocationAccuracy.h */,
				7489597B23494B15A30933B5 /* CDVSplashScreen.m */,
				0CE7D03B1DAD487FBFE213BE /* CDVViewController+SplashScreen.m */,
				783FA866AD564279B158818A /* CDVSplashScreen.h */,
				778C941A03144B929C06473F /* CDVViewController+SplashScreen.h */,
				9324D2F7A6144141B5B47621 /* SQLitePlugin.m */,
				7C0D120D12D243EFA4F3F27D /* PSPDFThreadSafeMutableDictionary.m */,
				88134DD8773D4B7F92606557 /* sqlite3.c */,
				93955A4A01D54BA7B0FF9CB8 /* SQLitePlugin.h */,
				83B7C273D0DC4B90B9CD4BAE /* PSPDFThreadSafeMutableDictionary.h */,
				D4CB682E5D0846ED813AF44F /* sqlite3.h */,
				B31659B44D1B4E38B68FAB8D /* Diagnostic.m */,
				E9A23E15FB8C46ACA68F4349 /* Diagnostic.h */,
				275FAE7220544A88861966A7 /* IonicKeyboard.m */,
				F1AD82EE462A4F2B8E95A7CD /* IonicKeyboard.h */,
			);
			name = Plugins;
			path = Jobswala/Plugins;
			sourceTree = SOURCE_ROOT;
		};
		EB87FDF11871DA420020F90C /* Staging */ = {
			isa = PBXGroup;
			children = (
				F840E1F0165FE0F500CFE078 /* config.xml */,
				301BF56E109A69640062928A /* www */,
			);
			name = Staging;
			sourceTree = "<group>";
		};
/* End PBXGroup section */

/* Begin PBXNativeTarget section */
		1D6058900D05DD3D006BFB54 /* Jobswala */ = {
			isa = PBXNativeTarget;
			buildConfigurationList = 1D6058960D05DD3E006BFB54 /* Build configuration list for PBXNativeTarget "Jobswala" */;
			buildPhases = (
				304B58A110DAC018002A0835 /* Copy www directory */,
				1D60588D0D05DD3D006BFB54 /* Resources */,
				1D60588E0D05DD3D006BFB54 /* Sources */,
				1D60588F0D05DD3D006BFB54 /* Frameworks */,
			);
			buildRules = (
			);
			dependencies = (
				301BF551109A68C00062928A /* PBXTargetDependency */,
			);
			name = Jobswala;
			productName = Jobswala;
			productReference = 1D6058910D05DD3D006BFB54 /* Jobswala.app */;
			productType = "com.apple.product-type.application";
		};
/* End PBXNativeTarget section */

/* Begin PBXProject section */
		29B97313FDCFA39411CA2CEA /* Project object */ = {
			isa = PBXProject;
			attributes = {
				LastUpgradeCheck = 510;
				TargetAttributes = {
					1D6058900D05DD3D006BFB54 = {
						DevelopmentTeam = 362TRT2897;
						SystemCapabilities = {
							com.apple.Push = {
								enabled = 1;
							};
						};
					};
				};
			};
			buildConfigurationList = C01FCF4E08A954540054247B /* Build configuration list for PBXProject "Jobswala" */;
			compatibilityVersion = "Xcode 3.2";
			developmentRegion = English;
			hasScannedForEncodings = 1;
			knownRegions = (
				en,
			);
			mainGroup = 29B97314FDCFA39411CA2CEA /* CustomTemplate */;
			projectDirPath = "";
			projectReferences = (
				{
					ProductGroup = 301BF52E109A57CC0062928A /* Products */;
					ProjectRef = 301BF52D109A57CC0062928A /* CordovaLib/CordovaLib.xcodeproj */;
				},
			);
			projectRoot = "";
			targets = (
				1D6058900D05DD3D006BFB54 /* Jobswala */,
			);
		};
/* End PBXProject section */

/* Begin PBXReferenceProxy section */
		18B4F9FE1FBB400500463682 /* Cordova.framework */ = {
			isa = PBXReferenceProxy;
			fileType = wrapper.framework;
			path = Cordova.framework;
			remoteRef = 18B4F9FD1FBB400500463682 /* PBXContainerItemProxy */;
			sourceTree = BUILT_PRODUCTS_DIR;
		};
		301BF535109A57CC0062928A /* libCordova.a */ = {
			isa = PBXReferenceProxy;
			fileType = archive.ar;
			path = libCordova.a;
			remoteRef = 301BF534109A57CC0062928A /* PBXContainerItemProxy */;
			sourceTree = BUILT_PRODUCTS_DIR;
		};
/* End PBXReferenceProxy section */

/* Begin PBXResourcesBuildPhase section */
		1D60588D0D05DD3D006BFB54 /* Resources */ = {
			isa = PBXResourcesBuildPhase;
			buildActionMask = 2147483647;
			files = (
				302D95F214D2391D003F00A1 /* MainViewController.xib in Resources */,
				0207DA581B56EA530066E2B4 /* Images.xcassets in Resources */,
				6AFF5BF91D6E424B00AB3073 /* CDVLaunchScreen.storyboard in Resources */,
				11CA99AC7EFB4E67907AB29B /* GoogleService-Info.plist in Resources */,
			);
			runOnlyForDeploymentPostprocessing = 0;
		};
/* End PBXResourcesBuildPhase section */

/* Begin PBXShellScriptBuildPhase section */
		304B58A110DAC018002A0835 /* Copy www directory */ = {
			isa = PBXShellScriptBuildPhase;
			buildActionMask = 2147483647;
			files = (
			);
			inputPaths = (
			);
			name = "Copy www directory";
			outputPaths = (
			);
			runOnlyForDeploymentPostprocessing = 0;
			shellPath = /bin/sh;
			shellScript = "NODEJS_PATH=/usr/local/bin; NVM_NODE_PATH=~/.nvm/versions/node/`nvm version 2>/dev/null`/bin; N_NODE_PATH=`find /usr/local/n/versions/node/* -maxdepth 0 -type d 2>/dev/null | tail -1`/bin; XCODE_NODE_PATH=`xcode-select --print-path`/usr/share/xcs/Node/bin; PATH=$NODEJS_PATH:$NVM_NODE_PATH:$N_NODE_PATH:$XCODE_NODE_PATH:$PATH && node cordova/lib/copy-www-build-step.js";
			showEnvVarsInLog = 0;
		};
/* End PBXShellScriptBuildPhase section */

/* Begin PBXSourcesBuildPhase section */
		1D60588E0D05DD3D006BFB54 /* Sources */ = {
			isa = PBXSourcesBuildPhase;
			buildActionMask = 2147483647;
			files = (
				1D60589B0D05DD56006BFB54 /* main.m in Sources */,
				1D3623260D0F684500981E51 /* AppDelegate.m in Sources */,
				302D95F114D2391D003F00A1 /* MainViewController.m in Sources */,
				7F184F5EA5D04401B95A95A1 /* CDVDevice.m in Sources */,
				E2A926BD8423448E9A09F231 /* FacebookConnectPlugin.m in Sources */,
				7A28F4839BB34EEFB7ED5D39 /* AppDelegate+FirebasePlugin.m in Sources */,
				31652B08750942F8B7B3E1DD /* FirebasePlugin.m in Sources */,
				902C8677F7494177BF0263F7 /* CDVLocation.m in Sources */,
				24C21A2979534084BAD7BCE3 /* CDVWKWebViewEngine.m in Sources */,
				A784F21B84424A428CD1FC9C /* CDVWKWebViewUIDelegate.m in Sources */,
				E61AA90E6A1C4467BAF4C663 /* CDVWKProcessPoolFactory.m in Sources */,
				90366DA4B83F45BF96829434 /* GCDWebServer.m in Sources */,
				ED70B126C3E743978A066B5C /* GCDWebServerConnection.m in Sources */,
				8524DD2534E4418A83F27364 /* GCDWebServerFunctions.m in Sources */,
				C469D9C9A3E04EAF9F54E268 /* GCDWebServerRequest.m in Sources */,
				07EA7CE092C64891BB7BCF6B /* GCDWebServerResponse.m in Sources */,
				51E0BBF2AC16416BA396333E /* GCDWebServerDataRequest.m in Sources */,
				B4FE719B80B745269DC52D25 /* GCDWebServerFileRequest.m in Sources */,
				1BE06A96686E432AB7397A11 /* GCDWebServerMultiPartFormRequest.m in Sources */,
				40A0AA42CC4D4E1981CB6596 /* GCDWebServerURLEncodedFormRequest.m in Sources */,
				7FBA167A2DFD4478B1DB2EED /* GCDWebServerDataResponse.m in Sources */,
				BA1A683E6B2745148354AB31 /* GCDWebServerErrorResponse.m in Sources */,
				56963C8519344D8E8D3A1AFD /* GCDWebServerFileResponse.m in Sources */,
				F79F7F0492354B5A84C60C46 /* GCDWebServerStreamedResponse.m in Sources */,
				B0B1F99E6DA440ADBD5F71C9 /* RequestLocationAccuracy.m in Sources */,
				C6617D29FA1F43A188EE44EA /* CDVSplashScreen.m in Sources */,
				C4F9BA1FB6C949D2B6E6CC07 /* CDVViewController+SplashScreen.m in Sources */,
				8E8320EAEDB54832AB616E22 /* SQLitePlugin.m in Sources */,
				B302347E476B4B31B9201524 /* PSPDFThreadSafeMutableDictionary.m in Sources */,
				EAECAF6E4C8A4E1A900D95F3 /* sqlite3.c in Sources */,
				B0D4D55520DC4B548E0AB123 /* Diagnostic.m in Sources */,
				F3687E93B97045D6B24E3ACD /* IonicKeyboard.m in Sources */,
			);
			runOnlyForDeploymentPostprocessing = 0;
		};
/* End PBXSourcesBuildPhase section */

/* Begin PBXTargetDependency section */
		301BF551109A68C00062928A /* PBXTargetDependency */ = {
			isa = PBXTargetDependency;
			name = CordovaLib;
			targetProxy = 301BF550109A68C00062928A /* PBXContainerItemProxy */;
		};
/* End PBXTargetDependency section */

/* Begin XCBuildConfiguration section */
		1D6058940D05DD3E006BFB54 /* Debug */ = {
			isa = XCBuildConfiguration;
			baseConfigurationReference = 3047A50F1AB8059700498E2A /* build-debug.xcconfig */;
			buildSettings = {
				ALWAYS_SEARCH_USER_PATHS = NO;
				ASSETCATALOG_COMPILER_APPICON_NAME = AppIcon;
				ASSETCATALOG_COMPILER_LAUNCHIMAGE_NAME = LaunchImage;
				CLANG_ENABLE_MODULES = YES;
				CLANG_ENABLE_OBJC_ARC = YES;
				CODE_SIGN_ENTITLEMENTS = Jobswala/Jobswala.entitlements;
				COPY_PHASE_STRIP = NO;
				DEVELOPMENT_TEAM = 362TRT2897;
				FRAMEWORK_SEARCH_PATHS = (
					"$(inherited)",
					"\"Jobswala/Plugins/cordova-plugin-facebook4\"",
					"\"Jobswala/Plugins/cordova-plugin-facebook4\"",
					"\"Jobswala/Plugins/cordova-plugin-facebook4\"",
					"\"Jobswala/Plugins/cordova-plugin-facebook4\"",
					"\"Jobswala/Plugins/cordova-plugin-firebase\"",
					"\"Jobswala/Plugins/cordova-plugin-firebase\"",
					"\"Jobswala/Plugins/cordova-plugin-firebase\"",
					"\"Jobswala/Plugins/cordova-plugin-firebase\"",
					"\"Jobswala/Plugins/cordova-plugin-firebase\"",
					"\"Jobswala/Plugins/cordova-plugin-firebase\"",
					"\"Jobswala/Plugins/cordova-plugin-firebase\"",
					"\"Jobswala/Plugins/cordova-plugin-firebase\"",
				);
				GCC_DYNAMIC_NO_PIC = NO;
				GCC_OPTIMIZATION_LEVEL = 0;
				GCC_PRECOMPILE_PREFIX_HEADER = YES;
				GCC_PREFIX_HEADER = "Jobswala/Jobswala-Prefix.pch";
				GCC_THUMB_SUPPORT = NO;
				GCC_VERSION = "";
				INFOPLIST_FILE = "Jobswala/Jobswala-Info.plist";
				IPHONEOS_DEPLOYMENT_TARGET = 11.0;
				LD_RUNPATH_SEARCH_PATHS = "@executable_path/Frameworks";
				PRODUCT_NAME = Jobswala;
				TARGETED_DEVICE_FAMILY = "1,2";
			};
			name = Debug;
		};
		1D6058950D05DD3E006BFB54 /* Release */ = {
			isa = XCBuildConfiguration;
			baseConfigurationReference = 3047A5101AB8059700498E2A /* build-release.xcconfig */;
			buildSettings = {
				ALWAYS_SEARCH_USER_PATHS = NO;
				ASSETCATALOG_COMPILER_APPICON_NAME = AppIcon;
				ASSETCATALOG_COMPILER_LAUNCHIMAGE_NAME = LaunchImage;
				CLANG_ENABLE_MODULES = YES;
				CLANG_ENABLE_OBJC_ARC = YES;
				CODE_SIGN_ENTITLEMENTS = Jobswala/Jobswala.entitlements;
				COPY_PHASE_STRIP = YES;
				DEVELOPMENT_TEAM = 362TRT2897;
				FRAMEWORK_SEARCH_PATHS = (
					"$(inherited)",
					"\"Jobswala/Plugins/cordova-plugin-facebook4\"",
					"\"Jobswala/Plugins/cordova-plugin-facebook4\"",
					"\"Jobswala/Plugins/cordova-plugin-facebook4\"",
					"\"Jobswala/Plugins/cordova-plugin-facebook4\"",
					"\"Jobswala/Plugins/cordova-plugin-firebase\"",
					"\"Jobswala/Plugins/cordova-plugin-firebase\"",
					"\"Jobswala/Plugins/cordova-plugin-firebase\"",
					"\"Jobswala/Plugins/cordova-plugin-firebase\"",
					"\"Jobswala/Plugins/cordova-plugin-firebase\"",
					"\"Jobswala/Plugins/cordova-plugin-firebase\"",
					"\"Jobswala/Plugins/cordova-plugin-firebase\"",
					"\"Jobswala/Plugins/cordova-plugin-firebase\"",
				);
				GCC_PRECOMPILE_PREFIX_HEADER = YES;
				GCC_PREFIX_HEADER = "Jobswala/Jobswala-Prefix.pch";
				GCC_THUMB_SUPPORT = NO;
				GCC_VERSION = "";
				INFOPLIST_FILE = "Jobswala/Jobswala-Info.plist";
				IPHONEOS_DEPLOYMENT_TARGET = 11.0;
				LD_RUNPATH_SEARCH_PATHS = "@executable_path/Frameworks";
				PRODUCT_NAME = Jobswala;
				TARGETED_DEVICE_FAMILY = "1,2";
			};
			name = Release;
		};
		C01FCF4F08A954540054247B /* Debug */ = {
			isa = XCBuildConfiguration;
			baseConfigurationReference = 3047A5111AB8059700498E2A /* build.xcconfig */;
			buildSettings = {
				CLANG_ENABLE_MODULES = YES;
				CLANG_ENABLE_OBJC_ARC = YES;
				CLANG_WARN_BOOL_CONVERSION = YES;
				CLANG_WARN_CONSTANT_CONVERSION = YES;
				CLANG_WARN_EMPTY_BODY = YES;
				CLANG_WARN_ENUM_CONVERSION = YES;
				CLANG_WARN_INT_CONVERSION = YES;
				CLANG_WARN__DUPLICATE_METHOD_MATCH = YES;
				GCC_C_LANGUAGE_STANDARD = c99;
				GCC_THUMB_SUPPORT = NO;
				GCC_VERSION = "";
				GCC_WARN_ABOUT_RETURN_TYPE = YES;
				GCC_WARN_UNDECLARED_SELECTOR = YES;
				GCC_WARN_UNINITIALIZED_AUTOS = YES;
				GCC_WARN_UNUSED_FUNCTION = YES;
				GCC_WARN_UNUSED_VARIABLE = YES;
				ONLY_ACTIVE_ARCH = YES;
				SDKROOT = iphoneos;
				SKIP_INSTALL = NO;
			};
			name = Debug;
		};
		C01FCF5008A954540054247B /* Release */ = {
			isa = XCBuildConfiguration;
			baseConfigurationReference = 3047A5111AB8059700498E2A /* build.xcconfig */;
			buildSettings = {
				CLANG_ENABLE_MODULES = YES;
				CLANG_ENABLE_OBJC_ARC = YES;
				CLANG_WARN_BOOL_CONVERSION = YES;
				CLANG_WARN_CONSTANT_CONVERSION = YES;
				CLANG_WARN_EMPTY_BODY = YES;
				CLANG_WARN_ENUM_CONVERSION = YES;
				CLANG_WARN_INT_CONVERSION = YES;
				CLANG_WARN__DUPLICATE_METHOD_MATCH = YES;
				GCC_C_LANGUAGE_STANDARD = c99;
				GCC_THUMB_SUPPORT = NO;
				GCC_VERSION = "";
				GCC_WARN_ABOUT_RETURN_TYPE = YES;
				GCC_WARN_UNDECLARED_SELECTOR = YES;
				GCC_WARN_UNINITIALIZED_AUTOS = YES;
				GCC_WARN_UNUSED_FUNCTION = YES;
				GCC_WARN_UNUSED_VARIABLE = YES;
				SDKROOT = iphoneos;
				SKIP_INSTALL = NO;
			};
			name = Release;
		};
/* End XCBuildConfiguration section */

/* Begin XCConfigurationList section */
		1D6058960D05DD3E006BFB54 /* Build configuration list for PBXNativeTarget "Jobswala" */ = {
			isa = XCConfigurationList;
			buildConfigurations = (
				1D6058940D05DD3E006BFB54 /* Debug */,
				1D6058950D05DD3E006BFB54 /* Release */,
			);
			defaultConfigurationIsVisible = 0;
			defaultConfigurationName = Release;
		};
		C01FCF4E08A954540054247B /* Build configuration list for PBXProject "Jobswala" */ = {
			isa = XCConfigurationList;
			buildConfigurations = (
				C01FCF4F08A954540054247B /* Debug */,
				C01FCF5008A954540054247B /* Release */,
			);
			defaultConfigurationIsVisible = 0;
			defaultConfigurationName = Release;
		};
/* End XCConfigurationList section */
	};
	rootObject = 29B97313FDCFA39411CA2CEA /* Project object */;
}
